
Microsoft Visual Studio Solution File, Format Version 12.00
# Visual Studio 14
VisualStudioVersion = 14.0.23107.0
MinimumVisualStudioVersion = 10.0.40219.1
Project("{E24C65DC-7377-472B-9ABA-BC803B73C61A}") = "TradeTracer", "http://localhost:16470", "{DE5EFB0F-29C8-40A9-808C-9889E7D7CAB6}"
	ProjectSection(WebsiteProperties) = preProject
		UseIISExpress = "true"
		TargetFrameworkMoniker = ".NETFramework,Version%3Dv4.5"
		Debug.AspNetCompiler.VirtualPath = "/localhost_16470"
		Debug.AspNetCompiler.PhysicalPath = "TradeTracer\"
		Debug.AspNetCompiler.TargetPath = "PrecompiledWeb\localhost_16470\"
		Debug.AspNetCompiler.Updateable = "true"
		Debug.AspNetCompiler.ForceOverwrite = "true"
		Debug.AspNetCompiler.FixedNames = "false"
		Debug.AspNetCompiler.Debug = "True"
		Release.AspNetCompiler.VirtualPath = "/localhost_16470"
		Release.AspNetCompiler.PhysicalPath = "TradeTracer\"
		Release.AspNetCompiler.TargetPath = "PrecompiledWeb\localhost_16470\"
		Release.AspNetCompiler.Updateable = "true"
		Release.AspNetCompiler.ForceOverwrite = "true"
		Release.AspNetCompiler.FixedNames = "false"
		Release.AspNetCompiler.Debug = "False"
		SlnRelativePath = "TradeTracer\"
	EndProjectSection
EndProject
Project("{FAE04EC0-301F-11D3-BF4B-00C04F79EFBC}") = "TabbedWPFSample", "TabbedWPFSample\TabbedWPFSample.csproj", "{F6B81B2F-B11F-4F7F-8446-16E277E3F1BB}"
EndProject
Project("{E24C65DC-7377-472B-9ABA-BC803B73C61A}") = "npm", "http://localhost:7360", "{742C3F3B-8A83-48CC-ADB4-5B420C792F8E}"
	ProjectSection(WebsiteProperties) = preProject
		UseIISExpress = "true"
		TargetFrameworkMoniker = ".NETFramework,Version%3Dv4.5"
		Debug.AspNetCompiler.VirtualPath = "/localhost_7360"
		Debug.AspNetCompiler.PhysicalPath = "npm\"
		Debug.AspNetCompiler.TargetPath = "PrecompiledWeb\localhost_7360\"
		Debug.AspNetCompiler.Updateable = "true"
		Debug.AspNetCompiler.ForceOverwrite = "true"
		Debug.AspNetCompiler.FixedNames = "false"
		Debug.AspNetCompiler.Debug = "True"
		Release.AspNetCompiler.VirtualPath = "/localhost_7360"
		Release.AspNetCompiler.PhysicalPath = "npm\"
		Release.AspNetCompiler.TargetPath = "PrecompiledWeb\localhost_7360\"
		Release.AspNetCompiler.Updateable = "true"
		Release.AspNetCompiler.ForceOverwrite = "true"
		Release.AspNetCompiler.FixedNames = "false"
		Release.AspNetCompiler.Debug = "False"
		SlnRelativePath = "npm\"
		DefaultWebSiteLanguage = "Visual C#"
	EndProjectSection
EndProject
Project("{E24C65DC-7377-472B-9ABA-BC803B73C61A}") = "npm2", "npm2\", "{B8E06E1A-E983-4A56-B02C-C5F44D404622}"
	ProjectSection(WebsiteProperties) = preProject
		TargetFrameworkMoniker = ".NETFramework,Version%3Dv4.5.2"
		Debug.AspNetCompiler.VirtualPath = "/localhost_16059"
		Debug.AspNetCompiler.PhysicalPath = "npm2\"
		Debug.AspNetCompiler.TargetPath = "PrecompiledWeb\localhost_16059\"
		Debug.AspNetCompiler.Updateable = "true"
		Debug.AspNetCompiler.ForceOverwrite = "true"
		Debug.AspNetCompiler.FixedNames = "false"
		Debug.AspNetCompiler.Debug = "True"
		Release.AspNetCompiler.VirtualPath = "/localhost_16059"
		Release.AspNetCompiler.PhysicalPath = "npm2\"
		Release.AspNetCompiler.TargetPath = "PrecompiledWeb\localhost_16059\"
		Release.AspNetCompiler.Updateable = "true"
		Release.AspNetCompiler.ForceOverwrite = "true"
		Release.AspNetCompiler.FixedNames = "false"
		Release.AspNetCompiler.Debug = "False"
		VWDPort = "16059"
		DefaultWebSiteLanguage = "Visual C#"
	EndProjectSection
EndProject
Global
	GlobalSection(SolutionConfigurationPlatforms) = preSolution
		Debug|Any CPU = Debug|Any CPU
		Debug|Mixed Platforms = Debug|Mixed Platforms
		Debug|x86 = Debug|x86
		Release|Any CPU = Release|Any CPU
		Release|Mixed Platforms = Release|Mixed Platforms
		Release|x86 = Release|x86
	EndGlobalSection
	GlobalSection(ProjectConfigurationPlatforms) = postSolution
		{DE5EFB0F-29C8-40A9-808C-9889E7D7CAB6}.Debug|Any CPU.ActiveCfg = Debug|Any CPU
		{DE5EFB0F-29C8-40A9-808C-9889E7D7CAB6}.Debug|Any CPU.Build.0 = Debug|Any CPU
		{DE5EFB0F-29C8-40A9-808C-9889E7D7CAB6}.Debug|Mixed Platforms.ActiveCfg = Debug|Any CPU
		{DE5EFB0F-29C8-40A9-808C-9889E7D7CAB6}.Debug|Mixed Platforms.Build.0 = Debug|Any CPU
		{DE5EFB0F-29C8-40A9-808C-9889E7D7CAB6}.Debug|x86.ActiveCfg = Debug|Any CPU
		{DE5EFB0F-29C8-40A9-808C-9889E7D7CAB6}.Release|Any CPU.ActiveCfg = Debug|Any CPU
		{DE5EFB0F-29C8-40A9-808C-9889E7D7CAB6}.Release|Any CPU.Build.0 = Debug|Any CPU
		{DE5EFB0F-29C8-40A9-808C-9889E7D7CAB6}.Release|Mixed Platforms.ActiveCfg = Debug|Any CPU
		{DE5EFB0F-29C8-40A9-808C-9889E7D7CAB6}.Release|Mixed Platforms.Build.0 = Debug|Any CPU
		{DE5EFB0F-29C8-40A9-808C-9889E7D7CAB6}.Release|x86.ActiveCfg = Debug|Any CPU
		{F6B81B2F-B11F-4F7F-8446-16E277E3F1BB}.Debug|Any CPU.ActiveCfg = Debug|x86
		{F6B81B2F-B11F-4F7F-8446-16E277E3F1BB}.Debug|Mixed Platforms.ActiveCfg = Debug|x86
		{F6B81B2F-B11F-4F7F-8446-16E277E3F1BB}.Debug|Mixed Platforms.Build.0 = Debug|x86
		{F6B81B2F-B11F-4F7F-8446-16E277E3F1BB}.Debug|x86.ActiveCfg = Debug|x86
		{F6B81B2F-B11F-4F7F-8446-16E277E3F1BB}.Debug|x86.Build.0 = Debug|x86
		{F6B81B2F-B11F-4F7F-8446-16E277E3F1BB}.Release|Any CPU.ActiveCfg = Release|x86
		{F6B81B2F-B11F-4F7F-8446-16E277E3F1BB}.Release|Mixed Platforms.ActiveCfg = Release|x86
		{F6B81B2F-B11F-4F7F-8446-16E277E3F1BB}.Release|Mixed Platforms.Build.0 = Release|x86
		{F6B81B2F-B11F-4F7F-8446-16E277E3F1BB}.Release|x86.ActiveCfg = Release|x86
		{F6B81B2F-B11F-4F7F-8446-16E277E3F1BB}.Release|x86.Build.0 = Release|x86
		{742C3F3B-8A83-48CC-ADB4-5B420C792F8E}.Debug|Any CPU.ActiveCfg = Debug|Any CPU
		{742C3F3B-8A83-48CC-ADB4-5B420C792F8E}.Debug|Any CPU.Build.0 = Debug|Any CPU
		{742C3F3B-8A83-48CC-ADB4-5B420C792F8E}.Debug|Mixed Platforms.ActiveCfg = Debug|Any CPU
		{742C3F3B-8A83-48CC-ADB4-5B420C792F8E}.Debug|Mixed Platforms.Build.0 = Debug|Any CPU
		{742C3F3B-8A83-48CC-ADB4-5B420C792F8E}.Debug|x86.ActiveCfg = Debug|Any CPU
		{742C3F3B-8A83-48CC-ADB4-5B420C792F8E}.Release|Any CPU.ActiveCfg = Debug|Any CPU
		{742C3F3B-8A83-48CC-ADB4-5B420C792F8E}.Release|Any CPU.Build.0 = Debug|Any CPU
		{742C3F3B-8A83-48CC-ADB4-5B420C792F8E}.Release|Mixed Platforms.ActiveCfg = Debug|Any CPU
		{742C3F3B-8A83-48CC-ADB4-5B420C792F8E}.Release|Mixed Platforms.Build.0 = Debug|Any CPU
		{742C3F3B-8A83-48CC-ADB4-5B420C792F8E}.Release|x86.ActiveCfg = Debug|Any CPU
		{B8E06E1A-E983-4A56-B02C-C5F44D404622}.Debug|Any CPU.ActiveCfg = Debug|Any CPU
		{B8E06E1A-E983-4A56-B02C-C5F44D404622}.Debug|Any CPU.Build.0 = Debug|Any CPU
		{B8E06E1A-E983-4A56-B02C-C5F44D404622}.Debug|Mixed Platforms.ActiveCfg = Debug|Any CPU
		{B8E06E1A-E983-4A56-B02C-C5F44D404622}.Debug|Mixed Platforms.Build.0 = Debug|Any CPU
		{B8E06E1A-E983-4A56-B02C-C5F44D404622}.Debug|x86.ActiveCfg = Debug|Any CPU
		{B8E06E1A-E983-4A56-B02C-C5F44D404622}.Debug|x86.Build.0 = Debug|Any CPU
		{B8E06E1A-E983-4A56-B02C-C5F44D404622}.Release|Any CPU.ActiveCfg = Debug|Any CPU
		{B8E06E1A-E983-4A56-B02C-C5F44D404622}.Release|Any CPU.Build.0 = Debug|Any CPU
		{B8E06E1A-E983-4A56-B02C-C5F44D404622}.Release|Mixed Platforms.ActiveCfg = Debug|Any CPU
		{B8E06E1A-E983-4A56-B02C-C5F44D404622}.Release|Mixed Platforms.Build.0 = Debug|Any CPU
		{B8E06E1A-E983-4A56-B02C-C5F44D404622}.Release|x86.ActiveCfg = Debug|Any CPU
		{B8E06E1A-E983-4A56-B02C-C5F44D404622}.Release|x86.Build.0 = Debug|Any CPU
	EndGlobalSection
	GlobalSection(SolutionProperties) = preSolution
		HideSolutionNode = FALSE
	EndGlobalSection
EndGlobal
